
Microsoft Visual Studio Solution File, Format Version 12.00
# Visual Studio 15
VisualStudioVersion = 15.0.27428.2005
MinimumVisualStudioVersion = 10.0.40219.1
Project("{FAE04EC0-301F-11D3-BF4B-00C04F79EFBC}") = "SwipecardsExemplo.Android", "SwipecardsExemplo\SwipecardsExemplo.Android\SwipecardsExemplo.Android.csproj", "{056E57A5-6D73-43C1-848B-EDF86045746C}"
EndProject
Project("{FAE04EC0-301F-11D3-BF4B-00C04F79EFBC}") = "SwipecardsExemplo.iOS", "SwipecardsExemplo\SwipecardsExemplo.iOS\SwipecardsExemplo.iOS.csproj", "{1EFEDB8C-8077-4027-8877-80F5487A1644}"
EndProject
Project("{FAE04EC0-301F-11D3-BF4B-00C04F79EFBC}") = "SwipecardsExemplo.UWP", "SwipecardsExemplo\SwipecardsExemplo.UWP\SwipecardsExemplo.UWP.csproj", "{B2C8A0D0-9D83-49E0-A355-80A9C3ED2337}"
EndProject
Project("{FAE04EC0-301F-11D3-BF4B-00C04F79EFBC}") = "SwipecardsExemplo", "SwipecardsExemplo\SwipecardsExemplo\SwipecardsExemplo.csproj", "{7F12B765-B4F9-4157-9D80-6A2CB1EEFBC6}"
EndProject
Global
	GlobalSection(SolutionConfigurationPlatforms) = preSolution
		Ad-Hoc|Any CPU = Ad-Hoc|Any CPU
		Ad-Hoc|ARM = Ad-Hoc|ARM
		Ad-Hoc|iPhone = Ad-Hoc|iPhone
		Ad-Hoc|iPhoneSimulator = Ad-Hoc|iPhoneSimulator
		Ad-Hoc|x64 = Ad-Hoc|x64
		Ad-Hoc|x86 = Ad-Hoc|x86
		AppStore|Any CPU = AppStore|Any CPU
		AppStore|ARM = AppStore|ARM
		AppStore|iPhone = AppStore|iPhone
		AppStore|iPhoneSimulator = AppStore|iPhoneSimulator
		AppStore|x64 = AppStore|x64
		AppStore|x86 = AppStore|x86
		Debug|Any CPU = Debug|Any CPU
		Debug|ARM = Debug|ARM
		Debug|iPhone = Debug|iPhone
		Debug|iPhoneSimulator = Debug|iPhoneSimulator
		Debug|x64 = Debug|x64
		Debug|x86 = Debug|x86
		Release|Any CPU = Release|Any CPU
		Release|ARM = Release|ARM
		Release|iPhone = Release|iPhone
		Release|iPhoneSimulator = Release|iPhoneSimulator
		Release|x64 = Release|x64
		Release|x86 = Release|x86
	EndGlobalSection
	GlobalSection(ProjectConfigurationPlatforms) = postSolution
		{056E57A5-6D73-43C1-848B-EDF86045746C}.Ad-Hoc|Any CPU.ActiveCfg = Release|Any CPU
		{056E57A5-6D73-43C1-848B-EDF86045746C}.Ad-Hoc|Any CPU.Build.0 = Release|Any CPU
		{056E57A5-6D73-43C1-848B-EDF86045746C}.Ad-Hoc|Any CPU.Deploy.0 = Release|Any CPU
		{056E57A5-6D73-43C1-848B-EDF86045746C}.Ad-Hoc|ARM.ActiveCfg = Release|Any CPU
		{056E57A5-6D73-43C1-848B-EDF86045746C}.Ad-Hoc|ARM.Build.0 = Release|Any CPU
		{056E57A5-6D73-43C1-848B-EDF86045746C}.Ad-Hoc|ARM.Deploy.0 = Release|Any CPU
		{056E57A5-6D73-43C1-848B-EDF86045746C}.Ad-Hoc|iPhone.ActiveCfg = Release|Any CPU
		{056E57A5-6D73-43C1-848B-EDF86045746C}.Ad-Hoc|iPhone.Build.0 = Release|Any CPU
		{056E57A5-6D73-43C1-848B-EDF86045746C}.Ad-Hoc|iPhone.Deploy.0 = Release|Any CPU
		{056E57A5-6D73-43C1-848B-EDF86045746C}.Ad-Hoc|iPhoneSimulator.ActiveCfg = Release|Any CPU
		{056E57A5-6D73-43C1-848B-EDF86045746C}.Ad-Hoc|iPhoneSimulator.Build.0 = Release|Any CPU
		{056E57A5-6D73-43C1-848B-EDF86045746C}.Ad-Hoc|iPhoneSimulator.Deploy.0 = Release|Any CPU
		{056E57A5-6D73-43C1-848B-EDF86045746C}.Ad-Hoc|x64.ActiveCfg = Release|Any CPU
		{056E57A5-6D73-43C1-848B-EDF86045746C}.Ad-Hoc|x64.Build.0 = Release|Any CPU
		{056E57A5-6D73-43C1-848B-EDF86045746C}.Ad-Hoc|x64.Deploy.0 = Release|Any CPU
		{056E57A5-6D73-43C1-848B-EDF86045746C}.Ad-Hoc|x86.ActiveCfg = Release|Any CPU
		{056E57A5-6D73-43C1-848B-EDF86045746C}.Ad-Hoc|x86.Build.0 = Release|Any CPU
		{056E57A5-6D73-43C1-848B-EDF86045746C}.Ad-Hoc|x86.Deploy.0 = Release|Any CPU
		{056E57A5-6D73-43C1-848B-EDF86045746C}.AppStore|Any CPU.ActiveCfg = Release|Any CPU
		{056E57A5-6D73-43C1-848B-EDF86045746C}.AppStore|Any CPU.Build.0 = Release|Any CPU
		{056E57A5-6D73-43C1-848B-EDF86045746C}.AppStore|Any CPU.Deploy.0 = Release|Any CPU
		{056E57A5-6D73-43C1-848B-EDF86045746C}.AppStore|ARM.ActiveCfg = Release|Any CPU
		{056E57A5-6D73-43C1-848B-EDF86045746C}.AppStore|ARM.Build.0 = Release|Any CPU
		{056E57A5-6D73-43C1-848B-EDF86045746C}.AppStore|ARM.Deploy.0 = Release|Any CPU
		{056E57A5-6D73-43C1-848B-EDF86045746C}.AppStore|iPhone.ActiveCfg = Release|Any CPU
		{056E57A5-6D73-43C1-848B-EDF86045746C}.AppStore|iPhone.Build.0 = Release|Any CPU
		{056E57A5-6D73-43C1-848B-EDF86045746C}.AppStore|iPhone.Deploy.0 = Release|Any CPU
		{056E57A5-6D73-43C1-848B-EDF86045746C}.AppStore|iPhoneSimulator.ActiveCfg = Release|Any CPU
		{056E57A5-6D73-43C1-848B-EDF86045746C}.AppStore|iPhoneSimulator.Build.0 = Release|Any CPU
		{056E57A5-6D73-43C1-848B-EDF86045746C}.AppStore|iPhoneSimulator.Deploy.0 = Release|Any CPU
		{056E57A5-6D73-43C1-848B-EDF86045746C}.AppStore|x64.ActiveCfg = Release|Any CPU
		{056E57A5-6D73-43C1-848B-EDF86045746C}.AppStore|x64.Build.0 = Release|Any CPU
		{056E57A5-6D73-43C1-848B-EDF86045746C}.AppStore|x64.Deploy.0 = Release|Any CPU
		{056E57A5-6D73-43C1-848B-EDF86045746C}.AppStore|x86.ActiveCfg = Release|Any CPU
		{056E57A5-6D73-43C1-848B-EDF86045746C}.AppStore|x86.Build.0 = Release|Any CPU
		{056E57A5-6D73-43C1-848B-EDF86045746C}.AppStore|x86.Deploy.0 = Release|Any CPU
		{056E57A5-6D73-43C1-848B-EDF86045746C}.Debug|Any CPU.ActiveCfg = Debug|Any CPU
		{056E57A5-6D73-43C1-848B-EDF86045746C}.Debug|Any CPU.Build.0 = Debug|Any CPU
		{056E57A5-6D73-43C1-848B-EDF86045746C}.Debug|Any CPU.Deploy.0 = Debug|Any CPU
		{056E57A5-6D73-43C1-848B-EDF86045746C}.Debug|ARM.ActiveCfg = Debug|Any CPU
		{056E57A5-6D73-43C1-848B-EDF86045746C}.Debug|ARM.Build.0 = Debug|Any CPU
		{056E57A5-6D73-43C1-848B-EDF86045746C}.Debug|ARM.Deploy.0 = Debug|Any CPU
		{056E57A5-6D73-43C1-848B-EDF86045746C}.Debug|iPhone.ActiveCfg = Debug|Any CPU
		{056E57A5-6D73-43C1-848B-EDF86045746C}.Debug|iPhone.Build.0 = Debug|Any CPU
		{056E57A5-6D73-43C1-848B-EDF86045746C}.Debug|iPhone.Deploy.0 = Debug|Any CPU
		{056E57A5-6D73-43C1-848B-EDF86045746C}.Debug|iPhoneSimulator.ActiveCfg = Debug|Any CPU
		{056E57A5-6D73-43C1-848B-EDF86045746C}.Debug|iPhoneSimulator.Build.0 = Debug|Any CPU
		{056E57A5-6D73-43C1-848B-EDF86045746C}.Debug|iPhoneSimulator.Deploy.0 = Debug|Any CPU
		{056E57A5-6D73-43C1-848B-EDF86045746C}.Debug|x64.ActiveCfg = Debug|Any CPU
		{056E57A5-6D73-43C1-848B-EDF86045746C}.Debug|x64.Build.0 = Debug|Any CPU
		{056E57A5-6D73-43C1-848B-EDF86045746C}.Debug|x64.Deploy.0 = Debug|Any CPU
		{056E57A5-6D73-43C1-848B-EDF86045746C}.Debug|x86.ActiveCfg = Debug|Any CPU
		{056E57A5-6D73-43C1-848B-EDF86045746C}.Debug|x86.Build.0 = Debug|Any CPU
		{056E57A5-6D73-43C1-848B-EDF86045746C}.Debug|x86.Deploy.0 = Debug|Any CPU
		{056E57A5-6D73-43C1-848B-EDF86045746C}.Release|Any CPU.ActiveCfg = Release|Any CPU
		{056E57A5-6D73-43C1-848B-EDF86045746C}.Release|Any CPU.Build.0 = Release|Any CPU
		{056E57A5-6D73-43C1-848B-EDF86045746C}.Release|Any CPU.Deploy.0 = Release|Any CPU
		{056E57A5-6D73-43C1-848B-EDF86045746C}.Release|ARM.ActiveCfg = Release|Any CPU
		{056E57A5-6D73-43C1-848B-EDF86045746C}.Release|ARM.Build.0 = Release|Any CPU
		{056E57A5-6D73-43C1-848B-EDF86045746C}.Release|ARM.Deploy.0 = Release|Any CPU
		{056E57A5-6D73-43C1-848B-EDF86045746C}.Release|iPhone.ActiveCfg = Release|Any CPU
		{056E57A5-6D73-43C1-848B-EDF86045746C}.Release|iPhone.Build.0 = Release|Any CPU
		{056E57A5-6D73-43C1-848B-EDF86045746C}.Release|iPhone.Deploy.0 = Release|Any CPU
		{056E57A5-6D73-43C1-848B-EDF86045746C}.Release|iPhoneSimulator.ActiveCfg = Release|Any CPU
		{056E57A5-6D73-43C1-848B-EDF86045746C}.Release|iPhoneSimulator.Build.0 = Release|Any CPU
		{056E57A5-6D73-43C1-848B-EDF86045746C}.Release|iPhoneSimulator.Deploy.0 = Release|Any CPU
		{056E57A5-6D73-43C1-848B-EDF86045746C}.Release|x64.ActiveCfg = Release|Any CPU
		{056E57A5-6D73-43C1-848B-EDF86045746C}.Release|x64.Build.0 = Release|Any CPU
		{056E57A5-6D73-43C1-848B-EDF86045746C}.Release|x64.Deploy.0 = Release|Any CPU
		{056E57A5-6D73-43C1-848B-EDF86045746C}.Release|x86.ActiveCfg = Release|Any CPU
		{056E57A5-6D73-43C1-848B-EDF86045746C}.Release|x86.Build.0 = Release|Any CPU
		{056E57A5-6D73-43C1-848B-EDF86045746C}.Release|x86.Deploy.0 = Release|Any CPU
		{1EFEDB8C-8077-4027-8877-80F5487A1644}.Ad-Hoc|Any CPU.ActiveCfg = Ad-Hoc|iPhone
		{1EFEDB8C-8077-4027-8877-80F5487A1644}.Ad-Hoc|ARM.ActiveCfg = Ad-Hoc|iPhone
		{1EFEDB8C-8077-4027-8877-80F5487A1644}.Ad-Hoc|iPhone.ActiveCfg = Ad-Hoc|iPhone
		{1EFEDB8C-8077-4027-8877-80F5487A1644}.Ad-Hoc|iPhone.Build.0 = Ad-Hoc|iPhone
		{1EFEDB8C-8077-4027-8877-80F5487A1644}.Ad-Hoc|iPhoneSimulator.ActiveCfg = Ad-Hoc|iPhoneSimulator
		{1EFEDB8C-8077-4027-8877-80F5487A1644}.Ad-Hoc|iPhoneSimulator.Build.0 = Ad-Hoc|iPhoneSimulator
		{1EFEDB8C-8077-4027-8877-80F5487A1644}.Ad-Hoc|x64.ActiveCfg = Ad-Hoc|iPhone
		{1EFEDB8C-8077-4027-8877-80F5487A1644}.Ad-Hoc|x86.ActiveCfg = Ad-Hoc|iPhone
		{1EFEDB8C-8077-4027-8877-80F5487A1644}.AppStore|Any CPU.ActiveCfg = AppStore|iPhone
		{1EFEDB8C-8077-4027-8877-80F5487A1644}.AppStore|ARM.ActiveCfg = AppStore|iPhone
		{1EFEDB8C-8077-4027-8877-80F5487A1644}.AppStore|iPhone.ActiveCfg = AppStore|iPhone
		{1EFEDB8C-8077-4027-8877-80F5487A1644}.AppStore|iPhone.Build.0 = AppStore|iPhone
		{1EFEDB8C-8077-4027-8877-80F5487A1644}.AppStore|iPhoneSimulator.ActiveCfg = AppStore|iPhoneSimulator
		{1EFEDB8C-8077-4027-8877-80F5487A1644}.AppStore|iPhoneSimulator.Build.0 = AppStore|iPhoneSimulator
		{1EFEDB8C-8077-4027-8877-80F5487A1644}.AppStore|x64.ActiveCfg = AppStore|iPhone
		{1EFEDB8C-8077-4027-8877-80F5487A1644}.AppStore|x86.ActiveCfg = AppStore|iPhone
		{1EFEDB8C-8077-4027-8877-80F5487A1644}.Debug|Any CPU.ActiveCfg = Debug|iPhone
		{1EFEDB8C-8077-4027-8877-80F5487A1644}.Debug|ARM.ActiveCfg = Debug|iPhone
		{1EFEDB8C-8077-4027-8877-80F5487A1644}.Debug|iPhone.ActiveCfg = Debug|iPhone
		{1EFEDB8C-8077-4027-8877-80F5487A1644}.Debug|iPhone.Build.0 = Debug|iPhone
		{1EFEDB8C-8077-4027-8877-80F5487A1644}.Debug|iPhoneSimulator.ActiveCfg = Debug|iPhoneSimulator
		{1EFEDB8C-8077-4027-8877-80F5487A1644}.Debug|iPhoneSimulator.Build.0 = Debug|iPhoneSimulator
		{1EFEDB8C-8077-4027-8877-80F5487A1644}.Debug|x64.ActiveCfg = Debug|iPhone
		{1EFEDB8C-8077-4027-8877-80F5487A1644}.Debug|x86.ActiveCfg = Debug|iPhone
		{1EFEDB8C-8077-4027-8877-80F5487A1644}.Release|Any CPU.ActiveCfg = Release|iPhone
		{1EFEDB8C-8077-4027-8877-80F5487A1644}.Release|ARM.ActiveCfg = Release|iPhone
		{1EFEDB8C-8077-4027-8877-80F5487A1644}.Release|iPhone.ActiveCfg = Release|iPhone
		{1EFEDB8C-8077-4027-8877-80F5487A1644}.Release|iPhone.Build.0 = Release|iPhone
		{1EFEDB8C-8077-4027-8877-80F5487A1644}.Release|iPhoneSimulator.ActiveCfg = Release|iPhoneSimulator
		{1EFEDB8C-8077-4027-8877-80F5487A1644}.Release|iPhoneSimulator.Build.0 = Release|iPhoneSimulator
		{1EFEDB8C-8077-4027-8877-80F5487A1644}.Release|x64.ActiveCfg = Release|iPhone
		{1EFEDB8C-8077-4027-8877-80F5487A1644}.Release|x86.ActiveCfg = Release|iPhone
		{B2C8A0D0-9D83-49E0-A355-80A9C3ED2337}.Ad-Hoc|Any CPU.ActiveCfg = Release|x86
		{B2C8A0D0-9D83-49E0-A355-80A9C3ED2337}.Ad-Hoc|Any CPU.Build.0 = Release|x86
		{B2C8A0D0-9D83-49E0-A355-80A9C3ED2337}.Ad-Hoc|Any CPU.Deploy.0 = Release|x86
		{B2C8A0D0-9D83-49E0-A355-80A9C3ED2337}.Ad-Hoc|ARM.ActiveCfg = Release|ARM
		{B2C8A0D0-9D83-49E0-A355-80A9C3ED2337}.Ad-Hoc|ARM.Build.0 = Release|ARM
		{B2C8A0D0-9D83-49E0-A355-80A9C3ED2337}.Ad-Hoc|ARM.Deploy.0 = Release|ARM
		{B2C8A0D0-9D83-49E0-A355-80A9C3ED2337}.Ad-Hoc|iPhone.ActiveCfg = Release|x86
		{B2C8A0D0-9D83-49E0-A355-80A9C3ED2337}.Ad-Hoc|iPhone.Build.0 = Release|x86
		{B2C8A0D0-9D83-49E0-A355-80A9C3ED2337}.Ad-Hoc|iPhone.Deploy.0 = Release|x86
		{B2C8A0D0-9D83-49E0-A355-80A9C3ED2337}.Ad-Hoc|iPhoneSimulator.ActiveCfg = Release|x86
		{B2C8A0D0-9D83-49E0-A355-80A9C3ED2337}.Ad-Hoc|iPhoneSimulator.Build.0 = Release|x86
		{B2C8A0D0-9D83-49E0-A355-80A9C3ED2337}.Ad-Hoc|iPhoneSimulator.Deploy.0 = Release|x86
		{B2C8A0D0-9D83-49E0-A355-80A9C3ED2337}.Ad-Hoc|x64.ActiveCfg = Release|x64
		{B2C8A0D0-9D83-49E0-A355-80A9C3ED2337}.Ad-Hoc|x64.Build.0 = Release|x64
		{B2C8A0D0-9D83-49E0-A355-80A9C3ED2337}.Ad-Hoc|x64.Deploy.0 = Release|x64
		{B2C8A0D0-9D83-49E0-A355-80A9C3ED2337}.Ad-Hoc|x86.ActiveCfg = Release|x86
		{B2C8A0D0-9D83-49E0-A355-80A9C3ED2337}.Ad-Hoc|x86.Build.0 = Release|x86
		{B2C8A0D0-9D83-49E0-A355-80A9C3ED2337}.Ad-Hoc|x86.Deploy.0 = Release|x86
		{B2C8A0D0-9D83-49E0-A355-80A9C3ED2337}.AppStore|Any CPU.ActiveCfg = Release|x86
		{B2C8A0D0-9D83-49E0-A355-80A9C3ED2337}.AppStore|Any CPU.Build.0 = Release|x86
		{B2C8A0D0-9D83-49E0-A355-80A9C3ED2337}.AppStore|Any CPU.Deploy.0 = Release|x86
		{B2C8A0D0-9D83-49E0-A355-80A9C3ED2337}.AppStore|ARM.ActiveCfg = Release|ARM
		{B2C8A0D0-9D83-49E0-A355-80A9C3ED2337}.AppStore|ARM.Build.0 = Release|ARM
		{B2C8A0D0-9D83-49E0-A355-80A9C3ED2337}.AppStore|ARM.Deploy.0 = Release|ARM
		{B2C8A0D0-9D83-49E0-A355-80A9C3ED2337}.AppStore|iPhone.ActiveCfg = Release|x86
		{B2C8A0D0-9D83-49E0-A355-80A9C3ED2337}.AppStore|iPhone.Build.0 = Release|x86
		{B2C8A0D0-9D83-49E0-A355-80A9C3ED2337}.AppStore|iPhone.Deploy.0 = Release|x86
		{B2C8A0D0-9D83-49E0-A355-80A9C3ED2337}.AppStore|iPhoneSimulator.ActiveCfg = Release|x86
		{B2C8A0D0-9D83-49E0-A355-80A9C3ED2337}.AppStore|iPhoneSimulator.Build.0 = Release|x86
		{B2C8A0D0-9D83-49E0-A355-80A9C3ED2337}.AppStore|iPhoneSimulator.Deploy.0 = Release|x86
		{B2C8A0D0-9D83-49E0-A355-80A9C3ED2337}.AppStore|x64.ActiveCfg = Release|x64
		{B2C8A0D0-9D83-49E0-A355-80A9C3ED2337}.AppStore|x64.Build.0 = Release|x64
		{B2C8A0D0-9D83-49E0-A355-80A9C3ED2337}.AppStore|x64.Deploy.0 = Release|x64
		{B2C8A0D0-9D83-49E0-A355-80A9C3ED2337}.AppStore|x86.ActiveCfg = Release|x86
		{B2C8A0D0-9D83-49E0-A355-80A9C3ED2337}.AppStore|x86.Build.0 = Release|x86
		{B2C8A0D0-9D83-49E0-A355-80A9C3ED2337}.AppStore|x86.Deploy.0 = Release|x86
		{B2C8A0D0-9D83-49E0-A355-80A9C3ED2337}.Debug|Any CPU.ActiveCfg = Debug|x86
		{B2C8A0D0-9D83-49E0-A355-80A9C3ED2337}.Debug|ARM.ActiveCfg = Debug|ARM
		{B2C8A0D0-9D83-49E0-A355-80A9C3ED2337}.Debug|ARM.Build.0 = Debug|ARM
		{B2C8A0D0-9D83-49E0-A355-80A9C3ED2337}.Debug|ARM.Deploy.0 = Debug|ARM
		{B2C8A0D0-9D83-49E0-A355-80A9C3ED2337}.Debug|iPhone.ActiveCfg = Debug|x86
		{B2C8A0D0-9D83-49E0-A355-80A9C3ED2337}.Debug|iPhoneSimulator.ActiveCfg = Debug|x86
		{B2C8A0D0-9D83-49E0-A355-80A9C3ED2337}.Debug|x64.ActiveCfg = Debug|x64
		{B2C8A0D0-9D83-49E0-A355-80A9C3ED2337}.Debug|x64.Build.0 = Debug|x64
		{B2C8A0D0-9D83-49E0-A355-80A9C3ED2337}.Debug|x64.Deploy.0 = Debug|x64
		{B2C8A0D0-9D83-49E0-A355-80A9C3ED2337}.Debug|x86.ActiveCfg = Debug|x86
		{B2C8A0D0-9D83-49E0-A355-80A9C3ED2337}.Debug|x86.Build.0 = Debug|x86
		{B2C8A0D0-9D83-49E0-A355-80A9C3ED2337}.Debug|x86.Deploy.0 = Debug|x86
		{B2C8A0D0-9D83-49E0-A355-80A9C3ED2337}.Release|Any CPU.ActiveCfg = Release|x86
		{B2C8A0D0-9D83-49E0-A355-80A9C3ED2337}.Release|ARM.ActiveCfg = Release|ARM
		{B2C8A0D0-9D83-49E0-A355-80A9C3ED2337}.Release|ARM.Build.0 = Release|ARM
		{B2C8A0D0-9D83-49E0-A355-80A9C3ED2337}.Release|ARM.Deploy.0 = Release|ARM
		{B2C8A0D0-9D83-49E0-A355-80A9C3ED2337}.Release|iPhone.ActiveCfg = Release|x86
		{B2C8A0D0-9D83-49E0-A355-80A9C3ED2337}.Release|iPhoneSimulator.ActiveCfg = Release|x86
		{B2C8A0D0-9D83-49E0-A355-80A9C3ED2337}.Release|x64.ActiveCfg = Release|x64
		{B2C8A0D0-9D83-49E0-A355-80A9C3ED2337}.Release|x64.Build.0 = Release|x64
		{B2C8A0D0-9D83-49E0-A355-80A9C3ED2337}.Release|x64.Deploy.0 = Release|x64
		{B2C8A0D0-9D83-49E0-A355-80A9C3ED2337}.Release|x86.ActiveCfg = Release|x86
		{B2C8A0D0-9D83-49E0-A355-80A9C3ED2337}.Release|x86.Build.0 = Release|x86
		{B2C8A0D0-9D83-49E0-A355-80A9C3ED2337}.Release|x86.Deploy.0 = Release|x86
		{7F12B765-B4F9-4157-9D80-6A2CB1EEFBC6}.Ad-Hoc|Any CPU.ActiveCfg = Debug|Any CPU
		{7F12B765-B4F9-4157-9D80-6A2CB1EEFBC6}.Ad-Hoc|Any CPU.Build.0 = Debug|Any CPU
		{7F12B765-B4F9-4157-9D80-6A2CB1EEFBC6}.Ad-Hoc|ARM.ActiveCfg = Debug|Any CPU
		{7F12B765-B4F9-4157-9D80-6A2CB1EEFBC6}.Ad-Hoc|ARM.Build.0 = Debug|Any CPU
		{7F12B765-B4F9-4157-9D80-6A2CB1EEFBC6}.Ad-Hoc|iPhone.ActiveCfg = Debug|Any CPU
		{7F12B765-B4F9-4157-9D80-6A2CB1EEFBC6}.Ad-Hoc|iPhone.Build.0 = Debug|Any CPU
		{7F12B765-B4F9-4157-9D80-6A2CB1EEFBC6}.Ad-Hoc|iPhoneSimulator.ActiveCfg = Debug|Any CPU
		{7F12B765-B4F9-4157-9D80-6A2CB1EEFBC6}.Ad-Hoc|iPhoneSimulator.Build.0 = Debug|Any CPU
		{7F12B765-B4F9-4157-9D80-6A2CB1EEFBC6}.Ad-Hoc|x64.ActiveCfg = Debug|Any CPU
		{7F12B765-B4F9-4157-9D80-6A2CB1EEFBC6}.Ad-Hoc|x64.Build.0 = Debug|Any CPU
		{7F12B765-B4F9-4157-9D80-6A2CB1EEFBC6}.Ad-Hoc|x86.ActiveCfg = Debug|Any CPU
		{7F12B765-B4F9-4157-9D80-6A2CB1EEFBC6}.Ad-Hoc|x86.Build.0 = Debug|Any CPU
		{7F12B765-B4F9-4157-9D80-6A2CB1EEFBC6}.AppStore|Any CPU.ActiveCfg = Debug|Any CPU
		{7F12B765-B4F9-4157-9D80-6A2CB1EEFBC6}.AppStore|Any CPU.Build.0 = Debug|Any CPU
		{7F12B765-B4F9-4157-9D80-6A2CB1EEFBC6}.AppStore|ARM.ActiveCfg = Debug|Any CPU
		{7F12B765-B4F9-4157-9D80-6A2CB1EEFBC6}.AppStore|ARM.Build.0 = Debug|Any CPU
		{7F12B765-B4F9-4157-9D80-6A2CB1EEFBC6}.AppStore|iPhone.ActiveCfg = Debug|Any CPU
		{7F12B765-B4F9-4157-9D80-6A2CB1EEFBC6}.AppStore|iPhone.Build.0 = Debug|Any CPU
		{7F12B765-B4F9-4157-9D80-6A2CB1EEFBC6}.AppStore|iPhoneSimulator.ActiveCfg = Debug|Any CPU
		{7F12B765-B4F9-4157-9D80-6A2CB1EEFBC6}.AppStore|iPhoneSimulator.Build.0 = Debug|Any CPU
		{7F12B765-B4F9-4157-9D80-6A2CB1EEFBC6}.AppStore|x64.ActiveCfg = Debug|Any CPU
		{7F12B765-B4F9-4157-9D80-6A2CB1EEFBC6}.AppStore|x64.Build.0 = Debug|Any CPU
		{7F12B765-B4F9-4157-9D80-6A2CB1EEFBC6}.AppStore|x86.ActiveCfg = Debug|Any CPU
		{7F12B765-B4F9-4157-9D80-6A2CB1EEFBC6}.AppStore|x86.Build.0 = Debug|Any CPU
		{7F12B765-B4F9-4157-9D80-6A2CB1EEFBC6}.Debug|Any CPU.ActiveCfg = Debug|Any CPU
		{7F12B765-B4F9-4157-9D80-6A2CB1EEFBC6}.Debug|Any CPU.Build.0 = Debug|Any CPU
		{7F12B765-B4F9-4157-9D80-6A2CB1EEFBC6}.Debug|ARM.ActiveCfg = Debug|Any CPU
		{7F12B765-B4F9-4157-9D80-6A2CB1EEFBC6}.Debug|ARM.Build.0 = Debug|Any CPU
		{7F12B765-B4F9-4157-9D80-6A2CB1EEFBC6}.Debug|iPhone.ActiveCfg = Debug|Any CPU
		{7F12B765-B4F9-4157-9D80-6A2CB1EEFBC6}.Debug|iPhone.Build.0 = Debug|Any CPU
		{7F12B765-B4F9-4157-9D80-6A2CB1EEFBC6}.Debug|iPhoneSimulator.ActiveCfg = Debug|Any CPU
		{7F12B765-B4F9-4157-9D80-6A2CB1EEFBC6}.Debug|iPhoneSimulator.Build.0 = Debug|Any CPU
		{7F12B765-B4F9-4157-9D80-6A2CB1EEFBC6}.Debug|x64.ActiveCfg = Debug|Any CPU
		{7F12B765-B4F9-4157-9D80-6A2CB1EEFBC6}.Debug|x64.Build.0 = Debug|Any CPU
		{7F12B765-B4F9-4157-9D80-6A2CB1EEFBC6}.Debug|x86.ActiveCfg = Debug|Any CPU
		{7F12B765-B4F9-4157-9D80-6A2CB1EEFBC6}.Debug|x86.Build.0 = Debug|Any CPU
		{7F12B765-B4F9-4157-9D80-6A2CB1EEFBC6}.Release|Any CPU.ActiveCfg = Release|Any CPU
		{7F12B765-B4F9-4157-9D80-6A2CB1EEFBC6}.Release|Any CPU.Build.0 = Release|Any CPU
		{7F12B765-B4F9-4157-9D80-6A2CB1EEFBC6}.Release|ARM.ActiveCfg = Release|Any CPU
		{7F12B765-B4F9-4157-9D80-6A2CB1EEFBC6}.Release|ARM.Build.0 = Release|Any CPU
		{7F12B765-B4F9-4157-9D80-6A2CB1EEFBC6}.Release|iPhone.ActiveCfg = Release|Any CPU
		{7F12B765-B4F9-4157-9D80-6A2CB1EEFBC6}.Release|iPhone.Build.0 = Release|Any CPU
		{7F12B765-B4F9-4157-9D80-6A2CB1EEFBC6}.Release|iPhoneSimulator.ActiveCfg = Release|Any CPU
		{7F12B765-B4F9-4157-9D80-6A2CB1EEFBC6}.Release|iPhoneSimulator.Build.0 = Release|Any CPU
		{7F12B765-B4F9-4157-9D80-6A2CB1EEFBC6}.Release|x64.ActiveCfg = Release|Any CPU
		{7F12B765-B4F9-4157-9D80-6A2CB1EEFBC6}.Release|x64.Build.0 = Release|Any CPU
		{7F12B765-B4F9-4157-9D80-6A2CB1EEFBC6}.Release|x86.ActiveCfg = Release|Any CPU
		{7F12B765-B4F9-4157-9D80-6A2CB1EEFBC6}.Release|x86.Build.0 = Release|Any CPU
	EndGlobalSection
	GlobalSection(SolutionProperties) = preSolution
		HideSolutionNode = FALSE
	EndGlobalSection
	GlobalSection(ExtensibilityGlobals) = postSolution
		SolutionGuid = {AAD6BA9E-A26E-4976-B108-ECF8F1D3AD84}
	EndGlobalSection
EndGlobal
